
Microsoft Visual Studio Solution File, Format Version 12.00
Project("{FAE04EC0-301F-11D3-BF4B-00C04F79EFBC}") = "TestGitThings", "TestGitThings\TestGitThings.csproj", "{717C864D-9AA2-47D0-B1C4-3DAECAAC7C8C}"
EndProject
Global
	GlobalSection(SolutionConfigurationPlatforms) = preSolution
		Debug|Any CPU = Debug|Any CPU
		Release|Any CPU = Release|Any CPU
	EndGlobalSection
	GlobalSection(ProjectConfigurationPlatforms) = postSolution
		{717C864D-9AA2-47D0-B1C4-3DAECAAC7C8C}.Debug|Any CPU.ActiveCfg = Debug|Any CPU
		{717C864D-9AA2-47D0-B1C4-3DAECAAC7C8C}.Debug|Any CPU.Build.0 = Debug|Any CPU
		{717C864D-9AA2-47D0-B1C4-3DAECAAC7C8C}.Release|Any CPU.ActiveCfg = Release|Any CPU
		{717C864D-9AA2-47D0-B1C4-3DAECAAC7C8C}.Release|Any CPU.Build.0 = Release|Any CPU
	EndGlobalSection
EndGlobal
